{
    "_readme": [
        "This file locks the dependencies of your project to a known state",
        "Read more about it at https://getcomposer.org/doc/01-basic-usage.md#composer-lock-the-lock-file",
        "This file is @generated automatically"
    ],
    "content-hash": "28484496833097f1f9852b3111704279",
    "packages": [
        {
            "name": "veritrans/veritrans-php",
            "version": "dev-master",
            "source": {
                "type": "git",
                "url": "https://github.com/veritrans/veritrans-php.git",
                "reference": "9819ee6da7cf38ee3447b43f08276f4e4fa51808"
            },
            "dist": {
                "type": "zip",
                "url": "https://api.github.com/repos/veritrans/veritrans-php/zipball/9819ee6da7cf38ee3447b43f08276f4e4fa51808",
                "reference": "9819ee6da7cf38ee3447b43f08276f4e4fa51808",
                "shasum": ""
            },
            "require": {
                "php": ">=5.4"
            },
            "require-dev": {
                "phpunit/phpunit": "5.7.*",
                "psy/psysh": "0.4.*"
            },
            "type": "library",
            "autoload": {
                "classmap": [
                    ""
                ]
            },
            "notification-url": "https://packagist.org/downloads/",
            "license": [
                "GPL-3.0"
            ],
            "authors": [
                {
                    "name": "Andri Setiawan",
                    "email": "andri.setiawan@veritrans.co.id"
                },
                {
                    "name": "Alvin Litani",
                    "email": "alvin.litani@veritrans.co.id"
                },
                {
                    "name": "Ismail Faruqi",
                    "email": "ismail.faruqi@veritrans.co.id"
                }
            ],
            "description": "PHP Wraper for Veritrans VT-Web Payment API.",
            "homepage": "https://midtrans.com",
            "time": "2019-09-30T07:41:49+00:00"
        }
    ],
    "packages-dev": [],
    "aliases": [],
    "minimum-stability": "stable",
    "stability-flags": {
        "veritrans/veritrans-php": 20
    },
    "prefer-stable": false,
    "prefer-lowest": false,
    "platform": [],
    "platform-dev": []
}
